
Microsoft Visual Studio Solution File, Format Version 12.00
# Visual Studio Version 17
VisualStudioVersion = 17.11.35219.272
MinimumVisualStudioVersion = 10.0.40219.1
Project("{9A19103F-16F7-4668-BE54-9A1E7A4F7556}") = "AC6-Roguelike", "AC6-Roguelike.csproj", "{A1E7C27C-0182-4CAD-BE0F-568CC86E2CF0}"
EndProject
Project("{9A19103F-16F7-4668-BE54-9A1E7A4F7556}") = "Script", "..\ESDLang\Script\Script.csproj", "{B86FAC3D-A7E4-45A3-8409-AFCC164FE2E2}"
EndProject
Project("{9A19103F-16F7-4668-BE54-9A1E7A4F7556}") = "SoulsFormats", "..\ESDLang\SmithboxSoulsFormats\src\Andre\SoulsFormats\SoulsFormats\SoulsFormats.csproj", "{D636C670-F058-40C1-8645-F1B94B424B09}"
EndProject
Global
	GlobalSection(SolutionConfigurationPlatforms) = preSolution
		Debug|Any CPU = Debug|Any CPU
		Release|Any CPU = Release|Any CPU
	EndGlobalSection
	GlobalSection(ProjectConfigurationPlatforms) = postSolution
		{A1E7C27C-0182-4CAD-BE0F-568CC86E2CF0}.Debug|Any CPU.ActiveCfg = Debug|Any CPU
		{A1E7C27C-0182-4CAD-BE0F-568CC86E2CF0}.Debug|Any CPU.Build.0 = Debug|Any CPU
		{A1E7C27C-0182-4CAD-BE0F-568CC86E2CF0}.Release|Any CPU.ActiveCfg = Release|Any CPU
		{A1E7C27C-0182-4CAD-BE0F-568CC86E2CF0}.Release|Any CPU.Build.0 = Release|Any CPU
		{B86FAC3D-A7E4-45A3-8409-AFCC164FE2E2}.Debug|Any CPU.ActiveCfg = Debug|Any CPU
		{B86FAC3D-A7E4-45A3-8409-AFCC164FE2E2}.Debug|Any CPU.Build.0 = Debug|Any CPU
		{B86FAC3D-A7E4-45A3-8409-AFCC164FE2E2}.Release|Any CPU.ActiveCfg = Release|Any CPU
		{B86FAC3D-A7E4-45A3-8409-AFCC164FE2E2}.Release|Any CPU.Build.0 = Release|Any CPU
		{D636C670-F058-40C1-8645-F1B94B424B09}.Debug|Any CPU.ActiveCfg = Debug|Any CPU
		{D636C670-F058-40C1-8645-F1B94B424B09}.Debug|Any CPU.Build.0 = Debug|Any CPU
		{D636C670-F058-40C1-8645-F1B94B424B09}.Release|Any CPU.ActiveCfg = Release|Any CPU
		{D636C670-F058-40C1-8645-F1B94B424B09}.Release|Any CPU.Build.0 = Release|Any CPU
	EndGlobalSection
	GlobalSection(SolutionProperties) = preSolution
		HideSolutionNode = FALSE
	EndGlobalSection
	GlobalSection(ExtensibilityGlobals) = postSolution
		SolutionGuid = {20D2DFCA-8190-4C4B-93B5-845383FD5E24}
	EndGlobalSection
EndGlobal
